
Microsoft Visual Studio Solution File, Format Version 12.00
# Visual Studio 15
VisualStudioVersion = 15.0.27004.2002
MinimumVisualStudioVersion = 10.0.40219.1
Project("{FAE04EC0-301F-11D3-BF4B-00C04F79EFBC}") = "NitroxServer", "NitroxServer\NitroxServer.csproj", "{0FC864B0-694E-4FCA-B78C-8EF98BC6F262}"
EndProject
Project("{FAE04EC0-301F-11D3-BF4B-00C04F79EFBC}") = "NitroxModel", "NitroxModel\NitroxModel.csproj", "{B16F4DE7-21AD-4FEF-955B-0A5A365FA4E3}"
EndProject
Project("{FAE04EC0-301F-11D3-BF4B-00C04F79EFBC}") = "NitroxClient", "NitroxClient\NitroxClient.csproj", "{ED5034BD-66B5-4596-94B7-66A28D3EFF49}"
EndProject
Project("{FAE04EC0-301F-11D3-BF4B-00C04F79EFBC}") = "NitroxTest", "NitroxTest\NitroxTest.csproj", "{7787384E-3B08-4D6F-9C0E-A9E3701BA9F1}"
EndProject
Project("{FAE04EC0-301F-11D3-BF4B-00C04F79EFBC}") = "NitroxPatcher", "NitroxPatcher\NitroxPatcher.csproj", "{BE983E25-24CC-4FC8-9017-61EEC43DD618}"
EndProject
Project("{9A19103F-16F7-4668-BE54-9A1E7A4F7556}") = "Harmony", "Harmony\Harmony\Harmony.csproj", "{69AEE16A-B6E7-4642-8081-3928B32455DF}"
EndProject
Project("{FAE04EC0-301F-11D3-BF4B-00C04F79EFBC}") = "Lidgren.Network", "lidgren-network-gen3\Lidgren.Network\Lidgren.Network.csproj", "{69BEE16A-B6E7-4642-8081-3928B32455DF}"
EndProject
Project("{2150E333-8FDC-42A3-9474-1A3956D46DE8}") = "Solution Items", "Solution Items", "{56490579-3996-40AB-8FB8-0B91F083FC39}"
	ProjectSection(SolutionItems) = preProject
		.editorconfig = .editorconfig
	EndProjectSection
EndProject
Project("{930C7802-8A8C-48F9-8165-68863BCCD9DD}") = "NitroxInstaller", "NitroxInstaller\NitroxInstaller.wixproj", "{6F1BF4AB-C8D7-4BC5-85CC-E604CEE43A09}"
EndProject
Project("{FAE04EC0-301F-11D3-BF4B-00C04F79EFBC}") = "NitroxInstallerActions", "NitroxInstallerActions\NitroxInstallerActions.csproj", "{F37A369D-A972-476C-8777-E87EA5E089F4}"
EndProject
Global
	GlobalSection(SolutionConfigurationPlatforms) = preSolution
		Debug|Any CPU = Debug|Any CPU
		Debug|x64 = Debug|x64
		Debug|x86 = Debug|x86
		Release|Any CPU = Release|Any CPU
		Release|x64 = Release|x64
		Release|x86 = Release|x86
	EndGlobalSection
	GlobalSection(ProjectConfigurationPlatforms) = postSolution
		{0FC864B0-694E-4FCA-B78C-8EF98BC6F262}.Debug|Any CPU.ActiveCfg = Debug|Any CPU
		{0FC864B0-694E-4FCA-B78C-8EF98BC6F262}.Debug|Any CPU.Build.0 = Debug|Any CPU
		{0FC864B0-694E-4FCA-B78C-8EF98BC6F262}.Debug|x64.ActiveCfg = Debug|Any CPU
		{0FC864B0-694E-4FCA-B78C-8EF98BC6F262}.Debug|x64.Build.0 = Debug|Any CPU
		{0FC864B0-694E-4FCA-B78C-8EF98BC6F262}.Debug|x86.ActiveCfg = Debug|Any CPU
		{0FC864B0-694E-4FCA-B78C-8EF98BC6F262}.Debug|x86.Build.0 = Debug|Any CPU
		{0FC864B0-694E-4FCA-B78C-8EF98BC6F262}.Release|Any CPU.ActiveCfg = Release|Any CPU
		{0FC864B0-694E-4FCA-B78C-8EF98BC6F262}.Release|Any CPU.Build.0 = Release|Any CPU
		{0FC864B0-694E-4FCA-B78C-8EF98BC6F262}.Release|x64.ActiveCfg = Release|Any CPU
		{0FC864B0-694E-4FCA-B78C-8EF98BC6F262}.Release|x64.Build.0 = Release|Any CPU
		{0FC864B0-694E-4FCA-B78C-8EF98BC6F262}.Release|x86.ActiveCfg = Release|Any CPU
		{0FC864B0-694E-4FCA-B78C-8EF98BC6F262}.Release|x86.Build.0 = Release|Any CPU
		{B16F4DE7-21AD-4FEF-955B-0A5A365FA4E3}.Debug|Any CPU.ActiveCfg = Debug|Any CPU
		{B16F4DE7-21AD-4FEF-955B-0A5A365FA4E3}.Debug|Any CPU.Build.0 = Debug|Any CPU
		{B16F4DE7-21AD-4FEF-955B-0A5A365FA4E3}.Debug|x64.ActiveCfg = Debug|Any CPU
		{B16F4DE7-21AD-4FEF-955B-0A5A365FA4E3}.Debug|x64.Build.0 = Debug|Any CPU
		{B16F4DE7-21AD-4FEF-955B-0A5A365FA4E3}.Debug|x86.ActiveCfg = Debug|Any CPU
		{B16F4DE7-21AD-4FEF-955B-0A5A365FA4E3}.Debug|x86.Build.0 = Debug|Any CPU
		{B16F4DE7-21AD-4FEF-955B-0A5A365FA4E3}.Release|Any CPU.ActiveCfg = Release|Any CPU
		{B16F4DE7-21AD-4FEF-955B-0A5A365FA4E3}.Release|Any CPU.Build.0 = Release|Any CPU
		{B16F4DE7-21AD-4FEF-955B-0A5A365FA4E3}.Release|x64.ActiveCfg = Release|Any CPU
		{B16F4DE7-21AD-4FEF-955B-0A5A365FA4E3}.Release|x64.Build.0 = Release|Any CPU
		{B16F4DE7-21AD-4FEF-955B-0A5A365FA4E3}.Release|x86.ActiveCfg = Release|Any CPU
		{B16F4DE7-21AD-4FEF-955B-0A5A365FA4E3}.Release|x86.Build.0 = Release|Any CPU
		{ED5034BD-66B5-4596-94B7-66A28D3EFF49}.Debug|Any CPU.ActiveCfg = Debug|Any CPU
		{ED5034BD-66B5-4596-94B7-66A28D3EFF49}.Debug|Any CPU.Build.0 = Debug|Any CPU
		{ED5034BD-66B5-4596-94B7-66A28D3EFF49}.Debug|x64.ActiveCfg = Debug|Any CPU
		{ED5034BD-66B5-4596-94B7-66A28D3EFF49}.Debug|x64.Build.0 = Debug|Any CPU
		{ED5034BD-66B5-4596-94B7-66A28D3EFF49}.Debug|x86.ActiveCfg = Debug|Any CPU
		{ED5034BD-66B5-4596-94B7-66A28D3EFF49}.Debug|x86.Build.0 = Debug|Any CPU
		{ED5034BD-66B5-4596-94B7-66A28D3EFF49}.Release|Any CPU.ActiveCfg = Release|Any CPU
		{ED5034BD-66B5-4596-94B7-66A28D3EFF49}.Release|Any CPU.Build.0 = Release|Any CPU
		{ED5034BD-66B5-4596-94B7-66A28D3EFF49}.Release|x64.ActiveCfg = Release|Any CPU
		{ED5034BD-66B5-4596-94B7-66A28D3EFF49}.Release|x64.Build.0 = Release|Any CPU
		{ED5034BD-66B5-4596-94B7-66A28D3EFF49}.Release|x86.ActiveCfg = Release|Any CPU
		{ED5034BD-66B5-4596-94B7-66A28D3EFF49}.Release|x86.Build.0 = Release|Any CPU
		{7787384E-3B08-4D6F-9C0E-A9E3701BA9F1}.Debug|Any CPU.ActiveCfg = Debug|Any CPU
		{7787384E-3B08-4D6F-9C0E-A9E3701BA9F1}.Debug|Any CPU.Build.0 = Debug|Any CPU
		{7787384E-3B08-4D6F-9C0E-A9E3701BA9F1}.Debug|x64.ActiveCfg = Debug|Any CPU
		{7787384E-3B08-4D6F-9C0E-A9E3701BA9F1}.Debug|x64.Build.0 = Debug|Any CPU
		{7787384E-3B08-4D6F-9C0E-A9E3701BA9F1}.Debug|x86.ActiveCfg = Debug|Any CPU
		{7787384E-3B08-4D6F-9C0E-A9E3701BA9F1}.Debug|x86.Build.0 = Debug|Any CPU
		{7787384E-3B08-4D6F-9C0E-A9E3701BA9F1}.Release|Any CPU.ActiveCfg = Release|Any CPU
		{7787384E-3B08-4D6F-9C0E-A9E3701BA9F1}.Release|Any CPU.Build.0 = Release|Any CPU
		{7787384E-3B08-4D6F-9C0E-A9E3701BA9F1}.Release|x64.ActiveCfg = Release|Any CPU
		{7787384E-3B08-4D6F-9C0E-A9E3701BA9F1}.Release|x64.Build.0 = Release|Any CPU
		{7787384E-3B08-4D6F-9C0E-A9E3701BA9F1}.Release|x86.ActiveCfg = Release|Any CPU
		{7787384E-3B08-4D6F-9C0E-A9E3701BA9F1}.Release|x86.Build.0 = Release|Any CPU
		{BE983E25-24CC-4FC8-9017-61EEC43DD618}.Debug|Any CPU.ActiveCfg = Debug|Any CPU
		{BE983E25-24CC-4FC8-9017-61EEC43DD618}.Debug|Any CPU.Build.0 = Debug|Any CPU
		{BE983E25-24CC-4FC8-9017-61EEC43DD618}.Debug|x64.ActiveCfg = Debug|Any CPU
		{BE983E25-24CC-4FC8-9017-61EEC43DD618}.Debug|x64.Build.0 = Debug|Any CPU
		{BE983E25-24CC-4FC8-9017-61EEC43DD618}.Debug|x86.ActiveCfg = Debug|Any CPU
		{BE983E25-24CC-4FC8-9017-61EEC43DD618}.Debug|x86.Build.0 = Debug|Any CPU
		{BE983E25-24CC-4FC8-9017-61EEC43DD618}.Release|Any CPU.ActiveCfg = Release|Any CPU
		{BE983E25-24CC-4FC8-9017-61EEC43DD618}.Release|Any CPU.Build.0 = Release|Any CPU
		{BE983E25-24CC-4FC8-9017-61EEC43DD618}.Release|x64.ActiveCfg = Release|Any CPU
		{BE983E25-24CC-4FC8-9017-61EEC43DD618}.Release|x64.Build.0 = Release|Any CPU
		{BE983E25-24CC-4FC8-9017-61EEC43DD618}.Release|x86.ActiveCfg = Release|Any CPU
		{BE983E25-24CC-4FC8-9017-61EEC43DD618}.Release|x86.Build.0 = Release|Any CPU
		{69AEE16A-B6E7-4642-8081-3928B32455DF}.Debug|Any CPU.ActiveCfg = Debug|Any CPU
		{69AEE16A-B6E7-4642-8081-3928B32455DF}.Debug|Any CPU.Build.0 = Debug|Any CPU
		{69AEE16A-B6E7-4642-8081-3928B32455DF}.Debug|x64.ActiveCfg = Debug|Any CPU
		{69AEE16A-B6E7-4642-8081-3928B32455DF}.Debug|x64.Build.0 = Debug|Any CPU
		{69AEE16A-B6E7-4642-8081-3928B32455DF}.Debug|x86.ActiveCfg = Debug|Any CPU
		{69AEE16A-B6E7-4642-8081-3928B32455DF}.Debug|x86.Build.0 = Debug|Any CPU
		{69AEE16A-B6E7-4642-8081-3928B32455DF}.Release|Any CPU.ActiveCfg = Release|Any CPU
		{69AEE16A-B6E7-4642-8081-3928B32455DF}.Release|Any CPU.Build.0 = Release|Any CPU
		{69AEE16A-B6E7-4642-8081-3928B32455DF}.Release|x64.ActiveCfg = Release|Any CPU
		{69AEE16A-B6E7-4642-8081-3928B32455DF}.Release|x64.Build.0 = Release|Any CPU
		{69AEE16A-B6E7-4642-8081-3928B32455DF}.Release|x86.ActiveCfg = Release|Any CPU
		{69AEE16A-B6E7-4642-8081-3928B32455DF}.Release|x86.Build.0 = Release|Any CPU
		{69BEE16A-B6E7-4642-8081-3928B32455DF}.Debug|Any CPU.ActiveCfg = Debug|Any CPU
		{69BEE16A-B6E7-4642-8081-3928B32455DF}.Debug|Any CPU.Build.0 = Debug|Any CPU
		{69BEE16A-B6E7-4642-8081-3928B32455DF}.Debug|x64.ActiveCfg = Debug|Any CPU
		{69BEE16A-B6E7-4642-8081-3928B32455DF}.Debug|x64.Build.0 = Debug|Any CPU
		{69BEE16A-B6E7-4642-8081-3928B32455DF}.Debug|x86.ActiveCfg = Debug|Any CPU
		{69BEE16A-B6E7-4642-8081-3928B32455DF}.Debug|x86.Build.0 = Debug|Any CPU
		{69BEE16A-B6E7-4642-8081-3928B32455DF}.Release|Any CPU.ActiveCfg = Release|Any CPU
		{69BEE16A-B6E7-4642-8081-3928B32455DF}.Release|Any CPU.Build.0 = Release|Any CPU
		{69BEE16A-B6E7-4642-8081-3928B32455DF}.Release|x64.ActiveCfg = Release|Any CPU
		{69BEE16A-B6E7-4642-8081-3928B32455DF}.Release|x64.Build.0 = Release|Any CPU
		{69BEE16A-B6E7-4642-8081-3928B32455DF}.Release|x86.ActiveCfg = Release|Any CPU
		{69BEE16A-B6E7-4642-8081-3928B32455DF}.Release|x86.Build.0 = Release|Any CPU
		{6F1BF4AB-C8D7-4BC5-85CC-E604CEE43A09}.Debug|Any CPU.ActiveCfg = Debug|x86
		{6F1BF4AB-C8D7-4BC5-85CC-E604CEE43A09}.Debug|x64.ActiveCfg = Debug|x64
		{6F1BF4AB-C8D7-4BC5-85CC-E604CEE43A09}.Debug|x64.Build.0 = Debug|x64
		{6F1BF4AB-C8D7-4BC5-85CC-E604CEE43A09}.Debug|x86.ActiveCfg = Debug|x86
		{6F1BF4AB-C8D7-4BC5-85CC-E604CEE43A09}.Debug|x86.Build.0 = Debug|x86
		{6F1BF4AB-C8D7-4BC5-85CC-E604CEE43A09}.Release|Any CPU.ActiveCfg = Release|x86
		{6F1BF4AB-C8D7-4BC5-85CC-E604CEE43A09}.Release|x64.ActiveCfg = Release|x64
		{6F1BF4AB-C8D7-4BC5-85CC-E604CEE43A09}.Release|x64.Build.0 = Release|x64
		{6F1BF4AB-C8D7-4BC5-85CC-E604CEE43A09}.Release|x86.ActiveCfg = Release|x86
		{6F1BF4AB-C8D7-4BC5-85CC-E604CEE43A09}.Release|x86.Build.0 = Release|x86
		{F37A369D-A972-476C-8777-E87EA5E089F4}.Debug|Any CPU.ActiveCfg = Debug|x86
		{F37A369D-A972-476C-8777-E87EA5E089F4}.Debug|x64.ActiveCfg = Debug|x86
		{F37A369D-A972-476C-8777-E87EA5E089F4}.Debug|x64.Build.0 = Debug|x86
		{F37A369D-A972-476C-8777-E87EA5E089F4}.Debug|x86.ActiveCfg = Debug|x86
		{F37A369D-A972-476C-8777-E87EA5E089F4}.Debug|x86.Build.0 = Debug|x86
		{F37A369D-A972-476C-8777-E87EA5E089F4}.Release|Any CPU.ActiveCfg = Release|x86
		{F37A369D-A972-476C-8777-E87EA5E089F4}.Release|x64.ActiveCfg = Release|x86
		{F37A369D-A972-476C-8777-E87EA5E089F4}.Release|x64.Build.0 = Release|x86
		{F37A369D-A972-476C-8777-E87EA5E089F4}.Release|x86.ActiveCfg = Release|x86
		{F37A369D-A972-476C-8777-E87EA5E089F4}.Release|x86.Build.0 = Release|x86
	EndGlobalSection
	GlobalSection(SolutionProperties) = preSolution
		HideSolutionNode = FALSE
	EndGlobalSection
	GlobalSection(ExtensibilityGlobals) = postSolution
		SolutionGuid = {5B5BA33E-57AF-4427-A2EC-D6945CD24836}
	EndGlobalSection
EndGlobal
