### YamlMime:ManagedReference
items:
- uid: NitroxClient.GameLogic.PlayerLogic.PlayerModel.ColorSwap.TextureBlock
  commentId: T:NitroxClient.GameLogic.PlayerLogic.PlayerModel.ColorSwap.TextureBlock
  id: TextureBlock
  parent: NitroxClient.GameLogic.PlayerLogic.PlayerModel.ColorSwap
  children:
  - NitroxClient.GameLogic.PlayerLogic.PlayerModel.ColorSwap.TextureBlock.#ctor(System.Int32,System.Int32,System.Int32,System.Int32)
  - NitroxClient.GameLogic.PlayerLogic.PlayerModel.ColorSwap.TextureBlock.BlockHeight
  - NitroxClient.GameLogic.PlayerLogic.PlayerModel.ColorSwap.TextureBlock.BlockWidth
  - NitroxClient.GameLogic.PlayerLogic.PlayerModel.ColorSwap.TextureBlock.X
  - NitroxClient.GameLogic.PlayerLogic.PlayerModel.ColorSwap.TextureBlock.Y
  langs:
  - csharp
  - vb
  name: TextureBlock
  nameWithType: TextureBlock
  fullName: NitroxClient.GameLogic.PlayerLogic.PlayerModel.ColorSwap.TextureBlock
  type: Class
  source:
    remote:
      path: NitroxClient/GameLogic/PlayerLogic/PlayerModel/ColorSwap/TextureBlock.cs
      branch: docfx
      repo: https://github.com/killzoms/Nitrox/
    id: TextureBlock
    path: ../NitroxClient/GameLogic/PlayerLogic/PlayerModel/ColorSwap/TextureBlock.cs
    startLine: 2
  assemblies:
  - NitroxClient
  namespace: NitroxClient.GameLogic.PlayerLogic.PlayerModel.ColorSwap
  syntax:
    content: public class TextureBlock
    content.vb: Public Class TextureBlock
  inheritance:
  - System.Object
  inheritedMembers:
  - System.Object.ToString
  - System.Object.Equals(System.Object)
  - System.Object.Equals(System.Object,System.Object)
  - System.Object.ReferenceEquals(System.Object,System.Object)
  - System.Object.GetHashCode
  - System.Object.GetType
  - System.Object.MemberwiseClone
- uid: NitroxClient.GameLogic.PlayerLogic.PlayerModel.ColorSwap.TextureBlock.X
  commentId: P:NitroxClient.GameLogic.PlayerLogic.PlayerModel.ColorSwap.TextureBlock.X
  id: X
  parent: NitroxClient.GameLogic.PlayerLogic.PlayerModel.ColorSwap.TextureBlock
  langs:
  - csharp
  - vb
  name: X
  nameWithType: TextureBlock.X
  fullName: NitroxClient.GameLogic.PlayerLogic.PlayerModel.ColorSwap.TextureBlock.X
  type: Property
  source:
    remote:
      path: NitroxClient/GameLogic/PlayerLogic/PlayerModel/ColorSwap/TextureBlock.cs
      branch: docfx
      repo: https://github.com/killzoms/Nitrox/
    id: X
    path: ../NitroxClient/GameLogic/PlayerLogic/PlayerModel/ColorSwap/TextureBlock.cs
    startLine: 4
  assemblies:
  - NitroxClient
  namespace: NitroxClient.GameLogic.PlayerLogic.PlayerModel.ColorSwap
  syntax:
    content: public int X { get; }
    parameters: []
    return:
      type: System.Int32
    content.vb: Public ReadOnly Property X As Integer
  overload: NitroxClient.GameLogic.PlayerLogic.PlayerModel.ColorSwap.TextureBlock.X*
- uid: NitroxClient.GameLogic.PlayerLogic.PlayerModel.ColorSwap.TextureBlock.Y
  commentId: P:NitroxClient.GameLogic.PlayerLogic.PlayerModel.ColorSwap.TextureBlock.Y
  id: Y
  parent: NitroxClient.GameLogic.PlayerLogic.PlayerModel.ColorSwap.TextureBlock
  langs:
  - csharp
  - vb
  name: Y
  nameWithType: TextureBlock.Y
  fullName: NitroxClient.GameLogic.PlayerLogic.PlayerModel.ColorSwap.TextureBlock.Y
  type: Property
  source:
    remote:
      path: NitroxClient/GameLogic/PlayerLogic/PlayerModel/ColorSwap/TextureBlock.cs
      branch: docfx
      repo: https://github.com/killzoms/Nitrox/
    id: Y
    path: ../NitroxClient/GameLogic/PlayerLogic/PlayerModel/ColorSwap/TextureBlock.cs
    startLine: 5
  assemblies:
  - NitroxClient
  namespace: NitroxClient.GameLogic.PlayerLogic.PlayerModel.ColorSwap
  syntax:
    content: public int Y { get; }
    parameters: []
    return:
      type: System.Int32
    content.vb: Public ReadOnly Property Y As Integer
  overload: NitroxClient.GameLogic.PlayerLogic.PlayerModel.ColorSwap.TextureBlock.Y*
- uid: NitroxClient.GameLogic.PlayerLogic.PlayerModel.ColorSwap.TextureBlock.BlockWidth
  commentId: P:NitroxClient.GameLogic.PlayerLogic.PlayerModel.ColorSwap.TextureBlock.BlockWidth
  id: BlockWidth
  parent: NitroxClient.GameLogic.PlayerLogic.PlayerModel.ColorSwap.TextureBlock
  langs:
  - csharp
  - vb
  name: BlockWidth
  nameWithType: TextureBlock.BlockWidth
  fullName: NitroxClient.GameLogic.PlayerLogic.PlayerModel.ColorSwap.TextureBlock.BlockWidth
  type: Property
  source:
    remote:
      path: NitroxClient/GameLogic/PlayerLogic/PlayerModel/ColorSwap/TextureBlock.cs
      branch: docfx
      repo: https://github.com/killzoms/Nitrox/
    id: BlockWidth
    path: ../NitroxClient/GameLogic/PlayerLogic/PlayerModel/ColorSwap/TextureBlock.cs
    startLine: 6
  assemblies:
  - NitroxClient
  namespace: NitroxClient.GameLogic.PlayerLogic.PlayerModel.ColorSwap
  syntax:
    content: public int BlockWidth { get; }
    parameters: []
    return:
      type: System.Int32
    content.vb: Public ReadOnly Property BlockWidth As Integer
  overload: NitroxClient.GameLogic.PlayerLogic.PlayerModel.ColorSwap.TextureBlock.BlockWidth*
- uid: NitroxClient.GameLogic.PlayerLogic.PlayerModel.ColorSwap.TextureBlock.BlockHeight
  commentId: P:NitroxClient.GameLogic.PlayerLogic.PlayerModel.ColorSwap.TextureBlock.BlockHeight
  id: BlockHeight
  parent: NitroxClient.GameLogic.PlayerLogic.PlayerModel.ColorSwap.TextureBlock
  langs:
  - csharp
  - vb
  name: BlockHeight
  nameWithType: TextureBlock.BlockHeight
  fullName: NitroxClient.GameLogic.PlayerLogic.PlayerModel.ColorSwap.TextureBlock.BlockHeight
  type: Property
  source:
    remote:
      path: NitroxClient/GameLogic/PlayerLogic/PlayerModel/ColorSwap/TextureBlock.cs
      branch: docfx
      repo: https://github.com/killzoms/Nitrox/
    id: BlockHeight
    path: ../NitroxClient/GameLogic/PlayerLogic/PlayerModel/ColorSwap/TextureBlock.cs
    startLine: 7
  assemblies:
  - NitroxClient
  namespace: NitroxClient.GameLogic.PlayerLogic.PlayerModel.ColorSwap
  syntax:
    content: public int BlockHeight { get; }
    parameters: []
    return:
      type: System.Int32
    content.vb: Public ReadOnly Property BlockHeight As Integer
  overload: NitroxClient.GameLogic.PlayerLogic.PlayerModel.ColorSwap.TextureBlock.BlockHeight*
- uid: NitroxClient.GameLogic.PlayerLogic.PlayerModel.ColorSwap.TextureBlock.#ctor(System.Int32,System.Int32,System.Int32,System.Int32)
  commentId: M:NitroxClient.GameLogic.PlayerLogic.PlayerModel.ColorSwap.TextureBlock.#ctor(System.Int32,System.Int32,System.Int32,System.Int32)
  id: '#ctor(System.Int32,System.Int32,System.Int32,System.Int32)'
  parent: NitroxClient.GameLogic.PlayerLogic.PlayerModel.ColorSwap.TextureBlock
  langs:
  - csharp
  - vb
  name: TextureBlock(int, int, int, int)
  nameWithType: TextureBlock.TextureBlock(int, int, int, int)
  fullName: NitroxClient.GameLogic.PlayerLogic.PlayerModel.ColorSwap.TextureBlock.TextureBlock(int, int, int, int)
  type: Constructor
  source:
    remote:
      path: NitroxClient/GameLogic/PlayerLogic/PlayerModel/ColorSwap/TextureBlock.cs
      branch: docfx
      repo: https://github.com/killzoms/Nitrox/
    id: .ctor
    path: ../NitroxClient/GameLogic/PlayerLogic/PlayerModel/ColorSwap/TextureBlock.cs
    startLine: 9
  assemblies:
  - NitroxClient
  namespace: NitroxClient.GameLogic.PlayerLogic.PlayerModel.ColorSwap
  syntax:
    content: public TextureBlock(int x, int y, int blockWidth, int blockHeight)
    parameters:
    - id: x
      type: System.Int32
    - id: y
      type: System.Int32
    - id: blockWidth
      type: System.Int32
    - id: blockHeight
      type: System.Int32
    content.vb: Public Sub New(x As Integer, y As Integer, blockWidth As Integer, blockHeight As Integer)
  overload: NitroxClient.GameLogic.PlayerLogic.PlayerModel.ColorSwap.TextureBlock.#ctor*
  nameWithType.vb: TextureBlock.New(Integer, Integer, Integer, Integer)
  fullName.vb: NitroxClient.GameLogic.PlayerLogic.PlayerModel.ColorSwap.TextureBlock.New(Integer, Integer, Integer, Integer)
  name.vb: New(Integer, Integer, Integer, Integer)
references:
- uid: NitroxClient.GameLogic.PlayerLogic.PlayerModel.ColorSwap
  commentId: N:NitroxClient.GameLogic.PlayerLogic.PlayerModel.ColorSwap
  href: NitroxClient.html
  name: NitroxClient.GameLogic.PlayerLogic.PlayerModel.ColorSwap
  nameWithType: NitroxClient.GameLogic.PlayerLogic.PlayerModel.ColorSwap
  fullName: NitroxClient.GameLogic.PlayerLogic.PlayerModel.ColorSwap
  spec.csharp:
  - uid: NitroxClient
    name: NitroxClient
    href: NitroxClient.html
  - name: .
  - uid: NitroxClient.GameLogic
    name: GameLogic
    href: NitroxClient.GameLogic.html
  - name: .
  - uid: NitroxClient.GameLogic.PlayerLogic
    name: PlayerLogic
    href: NitroxClient.GameLogic.PlayerLogic.html
  - name: .
  - uid: NitroxClient.GameLogic.PlayerLogic.PlayerModel
    name: PlayerModel
    href: NitroxClient.GameLogic.PlayerLogic.PlayerModel.html
  - name: .
  - uid: NitroxClient.GameLogic.PlayerLogic.PlayerModel.ColorSwap
    name: ColorSwap
    href: NitroxClient.GameLogic.PlayerLogic.PlayerModel.ColorSwap.html
  spec.vb:
  - uid: NitroxClient
    name: NitroxClient
    href: NitroxClient.html
  - name: .
  - uid: NitroxClient.GameLogic
    name: GameLogic
    href: NitroxClient.GameLogic.html
  - name: .
  - uid: NitroxClient.GameLogic.PlayerLogic
    name: PlayerLogic
    href: NitroxClient.GameLogic.PlayerLogic.html
  - name: .
  - uid: NitroxClient.GameLogic.PlayerLogic.PlayerModel
    name: PlayerModel
    href: NitroxClient.GameLogic.PlayerLogic.PlayerModel.html
  - name: .
  - uid: NitroxClient.GameLogic.PlayerLogic.PlayerModel.ColorSwap
    name: ColorSwap
    href: NitroxClient.GameLogic.PlayerLogic.PlayerModel.ColorSwap.html
- uid: System.Object
  commentId: T:System.Object
  parent: System
  isExternal: true
  href: https://learn.microsoft.com/dotnet/api/system.object
  name: object
  nameWithType: object
  fullName: object
  nameWithType.vb: Object
  fullName.vb: Object
  name.vb: Object
- uid: System.Object.ToString
  commentId: M:System.Object.ToString
  parent: System.Object
  isExternal: true
  href: https://learn.microsoft.com/dotnet/api/system.object.tostring
  name: ToString()
  nameWithType: object.ToString()
  fullName: object.ToString()
  nameWithType.vb: Object.ToString()
  fullName.vb: Object.ToString()
  spec.csharp:
  - uid: System.Object.ToString
    name: ToString
    isExternal: true
    href: https://learn.microsoft.com/dotnet/api/system.object.tostring
  - name: (
  - name: )
  spec.vb:
  - uid: System.Object.ToString
    name: ToString
    isExternal: true
    href: https://learn.microsoft.com/dotnet/api/system.object.tostring
  - name: (
  - name: )
- uid: System.Object.Equals(System.Object)
  commentId: M:System.Object.Equals(System.Object)
  parent: System.Object
  isExternal: true
  href: https://learn.microsoft.com/dotnet/api/system.object.equals#system-object-equals(system-object)
  name: Equals(object)
  nameWithType: object.Equals(object)
  fullName: object.Equals(object)
  nameWithType.vb: Object.Equals(Object)
  fullName.vb: Object.Equals(Object)
  name.vb: Equals(Object)
  spec.csharp:
  - uid: System.Object.Equals(System.Object)
    name: Equals
    isExternal: true
    href: https://learn.microsoft.com/dotnet/api/system.object.equals#system-object-equals(system-object)
  - name: (
  - uid: System.Object
    name: object
    isExternal: true
    href: https://learn.microsoft.com/dotnet/api/system.object
  - name: )
  spec.vb:
  - uid: System.Object.Equals(System.Object)
    name: Equals
    isExternal: true
    href: https://learn.microsoft.com/dotnet/api/system.object.equals#system-object-equals(system-object)
  - name: (
  - uid: System.Object
    name: Object
    isExternal: true
    href: https://learn.microsoft.com/dotnet/api/system.object
  - name: )
- uid: System.Object.Equals(System.Object,System.Object)
  commentId: M:System.Object.Equals(System.Object,System.Object)
  parent: System.Object
  isExternal: true
  href: https://learn.microsoft.com/dotnet/api/system.object.equals#system-object-equals(system-object-system-object)
  name: Equals(object, object)
  nameWithType: object.Equals(object, object)
  fullName: object.Equals(object, object)
  nameWithType.vb: Object.Equals(Object, Object)
  fullName.vb: Object.Equals(Object, Object)
  name.vb: Equals(Object, Object)
  spec.csharp:
  - uid: System.Object.Equals(System.Object,System.Object)
    name: Equals
    isExternal: true
    href: https://learn.microsoft.com/dotnet/api/system.object.equals#system-object-equals(system-object-system-object)
  - name: (
  - uid: System.Object
    name: object
    isExternal: true
    href: https://learn.microsoft.com/dotnet/api/system.object
  - name: ','
  - name: " "
  - uid: System.Object
    name: object
    isExternal: true
    href: https://learn.microsoft.com/dotnet/api/system.object
  - name: )
  spec.vb:
  - uid: System.Object.Equals(System.Object,System.Object)
    name: Equals
    isExternal: true
    href: https://learn.microsoft.com/dotnet/api/system.object.equals#system-object-equals(system-object-system-object)
  - name: (
  - uid: System.Object
    name: Object
    isExternal: true
    href: https://learn.microsoft.com/dotnet/api/system.object
  - name: ','
  - name: " "
  - uid: System.Object
    name: Object
    isExternal: true
    href: https://learn.microsoft.com/dotnet/api/system.object
  - name: )
- uid: System.Object.ReferenceEquals(System.Object,System.Object)
  commentId: M:System.Object.ReferenceEquals(System.Object,System.Object)
  parent: System.Object
  isExternal: true
  href: https://learn.microsoft.com/dotnet/api/system.object.referenceequals
  name: ReferenceEquals(object, object)
  nameWithType: object.ReferenceEquals(object, object)
  fullName: object.ReferenceEquals(object, object)
  nameWithType.vb: Object.ReferenceEquals(Object, Object)
  fullName.vb: Object.ReferenceEquals(Object, Object)
  name.vb: ReferenceEquals(Object, Object)
  spec.csharp:
  - uid: System.Object.ReferenceEquals(System.Object,System.Object)
    name: ReferenceEquals
    isExternal: true
    href: https://learn.microsoft.com/dotnet/api/system.object.referenceequals
  - name: (
  - uid: System.Object
    name: object
    isExternal: true
    href: https://learn.microsoft.com/dotnet/api/system.object
  - name: ','
  - name: " "
  - uid: System.Object
    name: object
    isExternal: true
    href: https://learn.microsoft.com/dotnet/api/system.object
  - name: )
  spec.vb:
  - uid: System.Object.ReferenceEquals(System.Object,System.Object)
    name: ReferenceEquals
    isExternal: true
    href: https://learn.microsoft.com/dotnet/api/system.object.referenceequals
  - name: (
  - uid: System.Object
    name: Object
    isExternal: true
    href: https://learn.microsoft.com/dotnet/api/system.object
  - name: ','
  - name: " "
  - uid: System.Object
    name: Object
    isExternal: true
    href: https://learn.microsoft.com/dotnet/api/system.object
  - name: )
- uid: System.Object.GetHashCode
  commentId: M:System.Object.GetHashCode
  parent: System.Object
  isExternal: true
  href: https://learn.microsoft.com/dotnet/api/system.object.gethashcode
  name: GetHashCode()
  nameWithType: object.GetHashCode()
  fullName: object.GetHashCode()
  nameWithType.vb: Object.GetHashCode()
  fullName.vb: Object.GetHashCode()
  spec.csharp:
  - uid: System.Object.GetHashCode
    name: GetHashCode
    isExternal: true
    href: https://learn.microsoft.com/dotnet/api/system.object.gethashcode
  - name: (
  - name: )
  spec.vb:
  - uid: System.Object.GetHashCode
    name: GetHashCode
    isExternal: true
    href: https://learn.microsoft.com/dotnet/api/system.object.gethashcode
  - name: (
  - name: )
- uid: System.Object.GetType
  commentId: M:System.Object.GetType
  parent: System.Object
  isExternal: true
  href: https://learn.microsoft.com/dotnet/api/system.object.gettype
  name: GetType()
  nameWithType: object.GetType()
  fullName: object.GetType()
  nameWithType.vb: Object.GetType()
  fullName.vb: Object.GetType()
  spec.csharp:
  - uid: System.Object.GetType
    name: GetType
    isExternal: true
    href: https://learn.microsoft.com/dotnet/api/system.object.gettype
  - name: (
  - name: )
  spec.vb:
  - uid: System.Object.GetType
    name: GetType
    isExternal: true
    href: https://learn.microsoft.com/dotnet/api/system.object.gettype
  - name: (
  - name: )
- uid: System.Object.MemberwiseClone
  commentId: M:System.Object.MemberwiseClone
  parent: System.Object
  isExternal: true
  href: https://learn.microsoft.com/dotnet/api/system.object.memberwiseclone
  name: MemberwiseClone()
  nameWithType: object.MemberwiseClone()
  fullName: object.MemberwiseClone()
  nameWithType.vb: Object.MemberwiseClone()
  fullName.vb: Object.MemberwiseClone()
  spec.csharp:
  - uid: System.Object.MemberwiseClone
    name: MemberwiseClone
    isExternal: true
    href: https://learn.microsoft.com/dotnet/api/system.object.memberwiseclone
  - name: (
  - name: )
  spec.vb:
  - uid: System.Object.MemberwiseClone
    name: MemberwiseClone
    isExternal: true
    href: https://learn.microsoft.com/dotnet/api/system.object.memberwiseclone
  - name: (
  - name: )
- uid: System
  commentId: N:System
  isExternal: true
  href: https://learn.microsoft.com/dotnet/api/system
  name: System
  nameWithType: System
  fullName: System
- uid: NitroxClient.GameLogic.PlayerLogic.PlayerModel.ColorSwap.TextureBlock.X*
  commentId: Overload:NitroxClient.GameLogic.PlayerLogic.PlayerModel.ColorSwap.TextureBlock.X
  href: NitroxClient.GameLogic.PlayerLogic.PlayerModel.ColorSwap.TextureBlock.X.html#NitroxClient_GameLogic_PlayerLogic_PlayerModel_ColorSwap_TextureBlock_X
  name: X
  nameWithType: TextureBlock.X
  fullName: NitroxClient.GameLogic.PlayerLogic.PlayerModel.ColorSwap.TextureBlock.X
- uid: System.Int32
  commentId: T:System.Int32
  parent: System
  isExternal: true
  href: https://learn.microsoft.com/dotnet/api/system.int32
  name: int
  nameWithType: int
  fullName: int
  nameWithType.vb: Integer
  fullName.vb: Integer
  name.vb: Integer
- uid: NitroxClient.GameLogic.PlayerLogic.PlayerModel.ColorSwap.TextureBlock.Y*
  commentId: Overload:NitroxClient.GameLogic.PlayerLogic.PlayerModel.ColorSwap.TextureBlock.Y
  href: NitroxClient.GameLogic.PlayerLogic.PlayerModel.ColorSwap.TextureBlock.Y.html#NitroxClient_GameLogic_PlayerLogic_PlayerModel_ColorSwap_TextureBlock_Y
  name: Y
  nameWithType: TextureBlock.Y
  fullName: NitroxClient.GameLogic.PlayerLogic.PlayerModel.ColorSwap.TextureBlock.Y
- uid: NitroxClient.GameLogic.PlayerLogic.PlayerModel.ColorSwap.TextureBlock.BlockWidth*
  commentId: Overload:NitroxClient.GameLogic.PlayerLogic.PlayerModel.ColorSwap.TextureBlock.BlockWidth
  href: NitroxClient.GameLogic.PlayerLogic.PlayerModel.ColorSwap.TextureBlock.BlockWidth.html#NitroxClient_GameLogic_PlayerLogic_PlayerModel_ColorSwap_TextureBlock_BlockWidth
  name: BlockWidth
  nameWithType: TextureBlock.BlockWidth
  fullName: NitroxClient.GameLogic.PlayerLogic.PlayerModel.ColorSwap.TextureBlock.BlockWidth
- uid: NitroxClient.GameLogic.PlayerLogic.PlayerModel.ColorSwap.TextureBlock.BlockHeight*
  commentId: Overload:NitroxClient.GameLogic.PlayerLogic.PlayerModel.ColorSwap.TextureBlock.BlockHeight
  href: NitroxClient.GameLogic.PlayerLogic.PlayerModel.ColorSwap.TextureBlock.BlockHeight.html#NitroxClient_GameLogic_PlayerLogic_PlayerModel_ColorSwap_TextureBlock_BlockHeight
  name: BlockHeight
  nameWithType: TextureBlock.BlockHeight
  fullName: NitroxClient.GameLogic.PlayerLogic.PlayerModel.ColorSwap.TextureBlock.BlockHeight
- uid: NitroxClient.GameLogic.PlayerLogic.PlayerModel.ColorSwap.TextureBlock.#ctor*
  commentId: Overload:NitroxClient.GameLogic.PlayerLogic.PlayerModel.ColorSwap.TextureBlock.#ctor
  href: NitroxClient.GameLogic.PlayerLogic.PlayerModel.ColorSwap.TextureBlock.-ctor.html#NitroxClient_GameLogic_PlayerLogic_PlayerModel_ColorSwap_TextureBlock__ctor_System_Int32_System_Int32_System_Int32_System_Int32_
  name: TextureBlock
  nameWithType: TextureBlock.TextureBlock
  fullName: NitroxClient.GameLogic.PlayerLogic.PlayerModel.ColorSwap.TextureBlock.TextureBlock
  nameWithType.vb: TextureBlock.New
  fullName.vb: NitroxClient.GameLogic.PlayerLogic.PlayerModel.ColorSwap.TextureBlock.New
  name.vb: New
memberLayout: SeparatePages
